// !$*UTF8*$!
{
	archiveVersion = 1;
	classes = {
	};
	objectVersion = 46;
	objects = {

/* Begin PBXBuildFile section */
		D23E40381C3DF975000E60F7 /* HomeViewController.m in Sources */ = {isa = PBXBuildFile; fileRef = D23E40171C3DF975000E60F7 /* HomeViewController.m */; };
		D23E40391C3DF975000E60F7 /* WSDSideMenuViewController.m in Sources */ = {isa = PBXBuildFile; fileRef = D23E40191C3DF975000E60F7 /* WSDSideMenuViewController.m */; };
		D23E403A1C3DF975000E60F7 /* WSDSideMenuViewController.xib in Resources */ = {isa = PBXBuildFile; fileRef = D23E401A1C3DF975000E60F7 /* WSDSideMenuViewController.xib */; };
		D23E403B1C3DF975000E60F7 /* WSDStory.m in Sources */ = {isa = PBXBuildFile; fileRef = D23E401D1C3DF975000E60F7 /* WSDStory.m */; };
		D23E403C1C3DF975000E60F7 /* WSDTopStory.m in Sources */ = {isa = PBXBuildFile; fileRef = D23E401F1C3DF975000E60F7 /* WSDTopStory.m */; };
		D23E403D1C3DF975000E60F7 /* AppDelegate.m in Sources */ = {isa = PBXBuildFile; fileRef = D23E40221C3DF975000E60F7 /* AppDelegate.m */; };
		D23E403E1C3DF975000E60F7 /* Info.plist in Resources */ = {isa = PBXBuildFile; fileRef = D23E40231C3DF975000E60F7 /* Info.plist */; };
		D23E403F1C3DF975000E60F7 /* main.m in Sources */ = {isa = PBXBuildFile; fileRef = D23E40251C3DF975000E60F7 /* main.m */; };
		D23E40401C3DF975000E60F7 /* SideMenuCell.m in Sources */ = {isa = PBXBuildFile; fileRef = D23E40281C3DF975000E60F7 /* SideMenuCell.m */; };
		D23E40411C3DF975000E60F7 /* SideMenuCell.xib in Resources */ = {isa = PBXBuildFile; fileRef = D23E40291C3DF975000E60F7 /* SideMenuCell.xib */; };
		D23E40421C3DF975000E60F7 /* WSDBannerView.m in Sources */ = {isa = PBXBuildFile; fileRef = D23E402B1C3DF975000E60F7 /* WSDBannerView.m */; };
		D23E40431C3DF975000E60F7 /* WSDBannerView.xib in Resources */ = {isa = PBXBuildFile; fileRef = D23E402C1C3DF975000E60F7 /* WSDBannerView.xib */; };
		D23E40441C3DF975000E60F7 /* WSDCarouselView.m in Sources */ = {isa = PBXBuildFile; fileRef = D23E402E1C3DF975000E60F7 /* WSDCarouselView.m */; };
		D23E40451C3DF975000E60F7 /* WSDCarouselView.xib in Resources */ = {isa = PBXBuildFile; fileRef = D23E402F1C3DF975000E60F7 /* WSDCarouselView.xib */; };
		D23E40461C3DF975000E60F7 /* WSDRefreshView.m in Sources */ = {isa = PBXBuildFile; fileRef = D23E40311C3DF975000E60F7 /* WSDRefreshView.m */; };
		D23E40471C3DF975000E60F7 /* WSDSideMenuCell.m in Sources */ = {isa = PBXBuildFile; fileRef = D23E40331C3DF975000E60F7 /* WSDSideMenuCell.m */; };
		D23E40481C3DF975000E60F7 /* WSDSideMenuCell.xib in Resources */ = {isa = PBXBuildFile; fileRef = D23E40341C3DF975000E60F7 /* WSDSideMenuCell.xib */; };
		D23E40491C3DF975000E60F7 /* WSDStoryCell.m in Sources */ = {isa = PBXBuildFile; fileRef = D23E40361C3DF975000E60F7 /* WSDStoryCell.m */; };
		D23E404A1C3DF975000E60F7 /* WSDStoryCell.xib in Resources */ = {isa = PBXBuildFile; fileRef = D23E40371C3DF975000E60F7 /* WSDStoryCell.xib */; };
		D252F3071C2C4BA5009F8535 /* Main.storyboard in Resources */ = {isa = PBXBuildFile; fileRef = D252F3051C2C4BA5009F8535 /* Main.storyboard */; };
		D252F3091C2C4BA5009F8535 /* Assets.xcassets in Resources */ = {isa = PBXBuildFile; fileRef = D252F3081C2C4BA5009F8535 /* Assets.xcassets */; };
		D252F30C1C2C4BA5009F8535 /* LaunchScreen.storyboard in Resources */ = {isa = PBXBuildFile; fileRef = D252F30A1C2C4BA5009F8535 /* LaunchScreen.storyboard */; };
		D252F3151C2C5128009F8535 /* WebImage.framework in Frameworks */ = {isa = PBXBuildFile; fileRef = D252F3131C2C5128009F8535 /* WebImage.framework */; };
		D252F3191C2C54E1009F8535 /* WebImage.framework in Embed Frameworks */ = {isa = PBXBuildFile; fileRef = D252F3131C2C5128009F8535 /* WebImage.framework */; settings = {ATTRIBUTES = (CodeSignOnCopy, RemoveHeadersOnCopy, ); }; };
		D252F31B1C2C54E1009F8535 /* AFNetworking.framework in Embed Frameworks */ = {isa = PBXBuildFile; fileRef = D252F3141C2C5128009F8535 /* AFNetworking.framework */; settings = {ATTRIBUTES = (CodeSignOnCopy, RemoveHeadersOnCopy, ); }; };
		D252F31D1C2C54FC009F8535 /* AFNetworking.framework in Frameworks */ = {isa = PBXBuildFile; fileRef = D252F3141C2C5128009F8535 /* AFNetworking.framework */; };
		D252F3391C2CE2B4009F8535 /* Info.plist in Resources */ = {isa = PBXBuildFile; fileRef = D252F31F1C2CE2B4009F8535 /* Info.plist */; };
		D252F33A1C2CE2B4009F8535 /* MASCompositeConstraint.m in Sources */ = {isa = PBXBuildFile; fileRef = D252F3211C2CE2B4009F8535 /* MASCompositeConstraint.m */; };
		D252F33B1C2CE2B4009F8535 /* MASConstraint.m in Sources */ = {isa = PBXBuildFile; fileRef = D252F3241C2CE2B4009F8535 /* MASConstraint.m */; };
		D252F33C1C2CE2B4009F8535 /* MASConstraintMaker.m in Sources */ = {isa = PBXBuildFile; fileRef = D252F3261C2CE2B4009F8535 /* MASConstraintMaker.m */; };
		D252F33D1C2CE2B4009F8535 /* MASLayoutConstraint.m in Sources */ = {isa = PBXBuildFile; fileRef = D252F3281C2CE2B4009F8535 /* MASLayoutConstraint.m */; };
		D252F33E1C2CE2B4009F8535 /* MASViewAttribute.m in Sources */ = {isa = PBXBuildFile; fileRef = D252F32C1C2CE2B4009F8535 /* MASViewAttribute.m */; };
		D252F33F1C2CE2B4009F8535 /* MASViewConstraint.m in Sources */ = {isa = PBXBuildFile; fileRef = D252F32E1C2CE2B4009F8535 /* MASViewConstraint.m */; };
		D252F3401C2CE2B4009F8535 /* NSArray+MASAdditions.m in Sources */ = {isa = PBXBuildFile; fileRef = D252F3301C2CE2B4009F8535 /* NSArray+MASAdditions.m */; };
		D252F3411C2CE2B4009F8535 /* NSLayoutConstraint+MASDebugAdditions.m in Sources */ = {isa = PBXBuildFile; fileRef = D252F3331C2CE2B4009F8535 /* NSLayoutConstraint+MASDebugAdditions.m */; };
		D252F3421C2CE2B4009F8535 /* View+MASAdditions.m in Sources */ = {isa = PBXBuildFile; fileRef = D252F3351C2CE2B4009F8535 /* View+MASAdditions.m */; };
		D252F3431C2CE2B4009F8535 /* ViewController+MASAdditions.m in Sources */ = {isa = PBXBuildFile; fileRef = D252F3381C2CE2B4009F8535 /* ViewController+MASAdditions.m */; };
		D252F35F1C2D119E009F8535 /* Reveal.framework in Frameworks */ = {isa = PBXBuildFile; fileRef = D252F35E1C2D119E009F8535 /* Reveal.framework */; };
		D270584C1C2EA35800FF804E /* ViewUtils.m in Sources */ = {isa = PBXBuildFile; fileRef = D270584B1C2EA35800FF804E /* ViewUtils.m */; };
/* End PBXBuildFile section */

/* Begin PBXCopyFilesBuildPhase section */
		D252F31C1C2C54E1009F8535 /* Embed Frameworks */ = {
			isa = PBXCopyFilesBuildPhase;
			buildActionMask = 2147483647;
			dstPath = "";
			dstSubfolderSpec = 10;
			files = (
				D252F3191C2C54E1009F8535 /* WebImage.framework in Embed Frameworks */,
				D252F31B1C2C54E1009F8535 /* AFNetworking.framework in Embed Frameworks */,
			);
			name = "Embed Frameworks";
			runOnlyForDeploymentPostprocessing = 0;
		};
/* End PBXCopyFilesBuildPhase section */

/* Begin PBXFileReference section */
		D23E40161C3DF975000E60F7 /* HomeViewController.h */ = {isa = PBXFileReference; fileEncoding = 4; lastKnownFileType = sourcecode.c.h; path = HomeViewController.h; sourceTree = "<group>"; };
		D23E40171C3DF975000E60F7 /* HomeViewController.m */ = {isa = PBXFileReference; fileEncoding = 4; lastKnownFileType = sourcecode.c.objc; path = HomeViewController.m; sourceTree = "<group>"; };
		D23E40181C3DF975000E60F7 /* WSDSideMenuViewController.h */ = {isa = PBXFileReference; fileEncoding = 4; lastKnownFileType = sourcecode.c.h; path = WSDSideMenuViewController.h; sourceTree = "<group>"; };
		D23E40191C3DF975000E60F7 /* WSDSideMenuViewController.m */ = {isa = PBXFileReference; fileEncoding = 4; lastKnownFileType = sourcecode.c.objc; path = WSDSideMenuViewController.m; sourceTree = "<group>"; };
		D23E401A1C3DF975000E60F7 /* WSDSideMenuViewController.xib */ = {isa = PBXFileReference; fileEncoding = 4; lastKnownFileType = file.xib; path = WSDSideMenuViewController.xib; sourceTree = "<group>"; };
		D23E401C1C3DF975000E60F7 /* WSDStory.h */ = {isa = PBXFileReference; fileEncoding = 4; lastKnownFileType = sourcecode.c.h; path = WSDStory.h; sourceTree = "<group>"; };
		D23E401D1C3DF975000E60F7 /* WSDStory.m */ = {isa = PBXFileReference; fileEncoding = 4; lastKnownFileType = sourcecode.c.objc; path = WSDStory.m; sourceTree = "<group>"; };
		D23E401E1C3DF975000E60F7 /* WSDTopStory.h */ = {isa = PBXFileReference; fileEncoding = 4; lastKnownFileType = sourcecode.c.h; path = WSDTopStory.h; sourceTree = "<group>"; };
		D23E401F1C3DF975000E60F7 /* WSDTopStory.m */ = {isa = PBXFileReference; fileEncoding = 4; lastKnownFileType = sourcecode.c.objc; path = WSDTopStory.m; sourceTree = "<group>"; };
		D23E40211C3DF975000E60F7 /* AppDelegate.h */ = {isa = PBXFileReference; fileEncoding = 4; lastKnownFileType = sourcecode.c.h; path = AppDelegate.h; sourceTree = "<group>"; };
		D23E40221C3DF975000E60F7 /* AppDelegate.m */ = {isa = PBXFileReference; fileEncoding = 4; lastKnownFileType = sourcecode.c.objc; path = AppDelegate.m; sourceTree = "<group>"; };
		D23E40231C3DF975000E60F7 /* Info.plist */ = {isa = PBXFileReference; fileEncoding = 4; lastKnownFileType = text.plist.xml; path = Info.plist; sourceTree = "<group>"; };
		D23E40241C3DF975000E60F7 /* LxDBAnything.h */ = {isa = PBXFileReference; fileEncoding = 4; lastKnownFileType = sourcecode.c.h; path = LxDBAnything.h; sourceTree = "<group>"; };
		D23E40251C3DF975000E60F7 /* main.m */ = {isa = PBXFileReference; fileEncoding = 4; lastKnownFileType = sourcecode.c.objc; path = main.m; sourceTree = "<group>"; };
		D23E40271C3DF975000E60F7 /* SideMenuCell.h */ = {isa = PBXFileReference; fileEncoding = 4; lastKnownFileType = sourcecode.c.h; path = SideMenuCell.h; sourceTree = "<group>"; };
		D23E40281C3DF975000E60F7 /* SideMenuCell.m */ = {isa = PBXFileReference; fileEncoding = 4; lastKnownFileType = sourcecode.c.objc; path = SideMenuCell.m; sourceTree = "<group>"; };
		D23E40291C3DF975000E60F7 /* SideMenuCell.xib */ = {isa = PBXFileReference; fileEncoding = 4; lastKnownFileType = file.xib; path = SideMenuCell.xib; sourceTree = "<group>"; };
		D23E402A1C3DF975000E60F7 /* WSDBannerView.h */ = {isa = PBXFileReference; fileEncoding = 4; lastKnownFileType = sourcecode.c.h; path = WSDBannerView.h; sourceTree = "<group>"; };
		D23E402B1C3DF975000E60F7 /* WSDBannerView.m */ = {isa = PBXFileReference; fileEncoding = 4; lastKnownFileType = sourcecode.c.objc; path = WSDBannerView.m; sourceTree = "<group>"; };
		D23E402C1C3DF975000E60F7 /* WSDBannerView.xib */ = {isa = PBXFileReference; fileEncoding = 4; lastKnownFileType = file.xib; path = WSDBannerView.xib; sourceTree = "<group>"; };
		D23E402D1C3DF975000E60F7 /* WSDCarouselView.h */ = {isa = PBXFileReference; fileEncoding = 4; lastKnownFileType = sourcecode.c.h; path = WSDCarouselView.h; sourceTree = "<group>"; };
		D23E402E1C3DF975000E60F7 /* WSDCarouselView.m */ = {isa = PBXFileReference; fileEncoding = 4; lastKnownFileType = sourcecode.c.objc; path = WSDCarouselView.m; sourceTree = "<group>"; };
		D23E402F1C3DF975000E60F7 /* WSDCarouselView.xib */ = {isa = PBXFileReference; fileEncoding = 4; lastKnownFileType = file.xib; path = WSDCarouselView.xib; sourceTree = "<group>"; };
		D23E40301C3DF975000E60F7 /* WSDRefreshView.h */ = {isa = PBXFileReference; fileEncoding = 4; lastKnownFileType = sourcecode.c.h; path = WSDRefreshView.h; sourceTree = "<group>"; };
		D23E40311C3DF975000E60F7 /* WSDRefreshView.m */ = {isa = PBXFileReference; fileEncoding = 4; lastKnownFileType = sourcecode.c.objc; path = WSDRefreshView.m; sourceTree = "<group>"; };
		D23E40321C3DF975000E60F7 /* WSDSideMenuCell.h */ = {isa = PBXFileReference; fileEncoding = 4; lastKnownFileType = sourcecode.c.h; path = WSDSideMenuCell.h; sourceTree = "<group>"; };
		D23E40331C3DF975000E60F7 /* WSDSideMenuCell.m */ = {isa = PBXFileReference; fileEncoding = 4; lastKnownFileType = sourcecode.c.objc; path = WSDSideMenuCell.m; sourceTree = "<group>"; };
		D23E40341C3DF975000E60F7 /* WSDSideMenuCell.xib */ = {isa = PBXFileReference; fileEncoding = 4; lastKnownFileType = file.xib; path = WSDSideMenuCell.xib; sourceTree = "<group>"; };
		D23E40351C3DF975000E60F7 /* WSDStoryCell.h */ = {isa = PBXFileReference; fileEncoding = 4; lastKnownFileType = sourcecode.c.h; path = WSDStoryCell.h; sourceTree = "<group>"; };
		D23E40361C3DF975000E60F7 /* WSDStoryCell.m */ = {isa = PBXFileReference; fileEncoding = 4; lastKnownFileType = sourcecode.c.objc; path = WSDStoryCell.m; sourceTree = "<group>"; };
		D23E40371C3DF975000E60F7 /* WSDStoryCell.xib */ = {isa = PBXFileReference; fileEncoding = 4; lastKnownFileType = file.xib; path = WSDStoryCell.xib; sourceTree = "<group>"; };
		D252F2F91C2C4BA5009F8535 /* WSDZhihuDaily.app */ = {isa = PBXFileReference; explicitFileType = wrapper.application; includeInIndex = 0; path = WSDZhihuDaily.app; sourceTree = BUILT_PRODUCTS_DIR; };
		D252F3061C2C4BA5009F8535 /* Base */ = {isa = PBXFileReference; lastKnownFileType = file.storyboard; name = Base; path = Base.lproj/Main.storyboard; sourceTree = "<group>"; };
		D252F3081C2C4BA5009F8535 /* Assets.xcassets */ = {isa = PBXFileReference; lastKnownFileType = folder.assetcatalog; path = Assets.xcassets; sourceTree = "<group>"; };
		D252F30B1C2C4BA5009F8535 /* Base */ = {isa = PBXFileReference; lastKnownFileType = file.storyboard; name = Base; path = Base.lproj/LaunchScreen.storyboard; sourceTree = "<group>"; };
		D252F3131C2C5128009F8535 /* WebImage.framework */ = {isa = PBXFileReference; lastKnownFileType = wrapper.framework; name = WebImage.framework; path = Carthage/Build/iOS/WebImage.framework; sourceTree = "<group>"; };
		D252F3141C2C5128009F8535 /* AFNetworking.framework */ = {isa = PBXFileReference; lastKnownFileType = wrapper.framework; name = AFNetworking.framework; path = Carthage/Build/iOS/AFNetworking.framework; sourceTree = "<group>"; };
		D252F31F1C2CE2B4009F8535 /* Info.plist */ = {isa = PBXFileReference; fileEncoding = 4; lastKnownFileType = text.plist.xml; path = Info.plist; sourceTree = "<group>"; };
		D252F3201C2CE2B4009F8535 /* MASCompositeConstraint.h */ = {isa = PBXFileReference; fileEncoding = 4; lastKnownFileType = sourcecode.c.h; path = MASCompositeConstraint.h; sourceTree = "<group>"; };
		D252F3211C2CE2B4009F8535 /* MASCompositeConstraint.m */ = {isa = PBXFileReference; fileEncoding = 4; lastKnownFileType = sourcecode.c.objc; path = MASCompositeConstraint.m; sourceTree = "<group>"; };
		D252F3221C2CE2B4009F8535 /* MASConstraint+Private.h */ = {isa = PBXFileReference; fileEncoding = 4; lastKnownFileType = sourcecode.c.h; path = "MASConstraint+Private.h"; sourceTree = "<group>"; };
		D252F3231C2CE2B4009F8535 /* MASConstraint.h */ = {isa = PBXFileReference; fileEncoding = 4; lastKnownFileType = sourcecode.c.h; path = MASConstraint.h; sourceTree = "<group>"; };
		D252F3241C2CE2B4009F8535 /* MASConstraint.m */ = {isa = PBXFileReference; fileEncoding = 4; lastKnownFileType = sourcecode.c.objc; path = MASConstraint.m; sourceTree = "<group>"; };
		D252F3251C2CE2B4009F8535 /* MASConstraintMaker.h */ = {isa = PBXFileReference; fileEncoding = 4; lastKnownFileType = sourcecode.c.h; path = MASConstraintMaker.h; sourceTree = "<group>"; };
		D252F3261C2CE2B4009F8535 /* MASConstraintMaker.m */ = {isa = PBXFileReference; fileEncoding = 4; lastKnownFileType = sourcecode.c.objc; path = MASConstraintMaker.m; sourceTree = "<group>"; };
		D252F3271C2CE2B4009F8535 /* MASLayoutConstraint.h */ = {isa = PBXFileReference; fileEncoding = 4; lastKnownFileType = sourcecode.c.h; path = MASLayoutConstraint.h; sourceTree = "<group>"; };
		D252F3281C2CE2B4009F8535 /* MASLayoutConstraint.m */ = {isa = PBXFileReference; fileEncoding = 4; lastKnownFileType = sourcecode.c.objc; path = MASLayoutConstraint.m; sourceTree = "<group>"; };
		D252F3291C2CE2B4009F8535 /* Masonry.h */ = {isa = PBXFileReference; fileEncoding = 4; lastKnownFileType = sourcecode.c.h; path = Masonry.h; sourceTree = "<group>"; };
		D252F32A1C2CE2B4009F8535 /* MASUtilities.h */ = {isa = PBXFileReference; fileEncoding = 4; lastKnownFileType = sourcecode.c.h; path = MASUtilities.h; sourceTree = "<group>"; };
		D252F32B1C2CE2B4009F8535 /* MASViewAttribute.h */ = {isa = PBXFileReference; fileEncoding = 4; lastKnownFileType = sourcecode.c.h; path = MASViewAttribute.h; sourceTree = "<group>"; };
		D252F32C1C2CE2B4009F8535 /* MASViewAttribute.m */ = {isa = PBXFileReference; fileEncoding = 4; lastKnownFileType = sourcecode.c.objc; path = MASViewAttribute.m; sourceTree = "<group>"; };
		D252F32D1C2CE2B4009F8535 /* MASViewConstraint.h */ = {isa = PBXFileReference; fileEncoding = 4; lastKnownFileType = sourcecode.c.h; path = MASViewConstraint.h; sourceTree = "<group>"; };
		D252F32E1C2CE2B4009F8535 /* MASViewConstraint.m */ = {isa = PBXFileReference; fileEncoding = 4; lastKnownFileType = sourcecode.c.objc; path = MASViewConstraint.m; sourceTree = "<group>"; };
		D252F32F1C2CE2B4009F8535 /* NSArray+MASAdditions.h */ = {isa = PBXFileReference; fileEncoding = 4; lastKnownFileType = sourcecode.c.h; path = "NSArray+MASAdditions.h"; sourceTree = "<group>"; };
		D252F3301C2CE2B4009F8535 /* NSArray+MASAdditions.m */ = {isa = PBXFileReference; fileEncoding = 4; lastKnownFileType = sourcecode.c.objc; path = "NSArray+MASAdditions.m"; sourceTree = "<group>"; };
		D252F3311C2CE2B4009F8535 /* NSArray+MASShorthandAdditions.h */ = {isa = PBXFileReference; fileEncoding = 4; lastKnownFileType = sourcecode.c.h; path = "NSArray+MASShorthandAdditions.h"; sourceTree = "<group>"; };
		D252F3321C2CE2B4009F8535 /* NSLayoutConstraint+MASDebugAdditions.h */ = {isa = PBXFileReference; fileEncoding = 4; lastKnownFileType = sourcecode.c.h; path = "NSLayoutConstraint+MASDebugAdditions.h"; sourceTree = "<group>"; };
		D252F3331C2CE2B4009F8535 /* NSLayoutConstraint+MASDebugAdditions.m */ = {isa = PBXFileReference; fileEncoding = 4; lastKnownFileType = sourcecode.c.objc; path = "NSLayoutConstraint+MASDebugAdditions.m"; sourceTree = "<group>"; };
		D252F3341C2CE2B4009F8535 /* View+MASAdditions.h */ = {isa = PBXFileReference; fileEncoding = 4; lastKnownFileType = sourcecode.c.h; path = "View+MASAdditions.h"; sourceTree = "<group>"; };
		D252F3351C2CE2B4009F8535 /* View+MASAdditions.m */ = {isa = PBXFileReference; fileEncoding = 4; lastKnownFileType = sourcecode.c.objc; path = "View+MASAdditions.m"; sourceTree = "<group>"; };
		D252F3361C2CE2B4009F8535 /* View+MASShorthandAdditions.h */ = {isa = PBXFileReference; fileEncoding = 4; lastKnownFileType = sourcecode.c.h; path = "View+MASShorthandAdditions.h"; sourceTree = "<group>"; };
		D252F3371C2CE2B4009F8535 /* ViewController+MASAdditions.h */ = {isa = PBXFileReference; fileEncoding = 4; lastKnownFileType = sourcecode.c.h; path = "ViewController+MASAdditions.h"; sourceTree = "<group>"; };
		D252F3381C2CE2B4009F8535 /* ViewController+MASAdditions.m */ = {isa = PBXFileReference; fileEncoding = 4; lastKnownFileType = sourcecode.c.objc; path = "ViewController+MASAdditions.m"; sourceTree = "<group>"; };
		D252F35E1C2D119E009F8535 /* Reveal.framework */ = {isa = PBXFileReference; lastKnownFileType = wrapper.framework; path = Reveal.framework; sourceTree = "<group>"; };
		D270584A1C2EA35800FF804E /* ViewUtils.h */ = {isa = PBXFileReference; fileEncoding = 4; lastKnownFileType = sourcecode.c.h; path = ViewUtils.h; sourceTree = "<group>"; };
		D270584B1C2EA35800FF804E /* ViewUtils.m */ = {isa = PBXFileReference; fileEncoding = 4; lastKnownFileType = sourcecode.c.objc; path = ViewUtils.m; sourceTree = "<group>"; };
/* End PBXFileReference section */

/* Begin PBXFrameworksBuildPhase section */
		D252F2F61C2C4BA5009F8535 /* Frameworks */ = {
			isa = PBXFrameworksBuildPhase;
			buildActionMask = 2147483647;
			files = (
				D252F35F1C2D119E009F8535 /* Reveal.framework in Frameworks */,
				D252F31D1C2C54FC009F8535 /* AFNetworking.framework in Frameworks */,
				D252F3151C2C5128009F8535 /* WebImage.framework in Frameworks */,
			);
			runOnlyForDeploymentPostprocessing = 0;
		};
/* End PBXFrameworksBuildPhase section */

/* Begin PBXGroup section */
		D23E40151C3DF975000E60F7 /* Controllers */ = {
			isa = PBXGroup;
			children = (
				D23E40161C3DF975000E60F7 /* HomeViewController.h */,
				D23E40171C3DF975000E60F7 /* HomeViewController.m */,
				D23E40181C3DF975000E60F7 /* WSDSideMenuViewController.h */,
				D23E40191C3DF975000E60F7 /* WSDSideMenuViewController.m */,
				D23E401A1C3DF975000E60F7 /* WSDSideMenuViewController.xib */,
			);
			path = Controllers;
			sourceTree = "<group>";
		};
		D23E401B1C3DF975000E60F7 /* Models */ = {
			isa = PBXGroup;
			children = (
				D23E401C1C3DF975000E60F7 /* WSDStory.h */,
				D23E401D1C3DF975000E60F7 /* WSDStory.m */,
				D23E401E1C3DF975000E60F7 /* WSDTopStory.h */,
				D23E401F1C3DF975000E60F7 /* WSDTopStory.m */,
			);
			path = Models;
			sourceTree = "<group>";
		};
		D23E40201C3DF975000E60F7 /* Others */ = {
			isa = PBXGroup;
			children = (
				D23E40211C3DF975000E60F7 /* AppDelegate.h */,
				D23E40221C3DF975000E60F7 /* AppDelegate.m */,
				D23E40231C3DF975000E60F7 /* Info.plist */,
				D23E40241C3DF975000E60F7 /* LxDBAnything.h */,
				D23E40251C3DF975000E60F7 /* main.m */,
			);
			path = Others;
			sourceTree = "<group>";
		};
		D23E40261C3DF975000E60F7 /* Views */ = {
			isa = PBXGroup;
			children = (
				D23E40271C3DF975000E60F7 /* SideMenuCell.h */,
				D23E40281C3DF975000E60F7 /* SideMenuCell.m */,
				D23E40291C3DF975000E60F7 /* SideMenuCell.xib */,
				D23E402A1C3DF975000E60F7 /* WSDBannerView.h */,
				D23E402B1C3DF975000E60F7 /* WSDBannerView.m */,
				D23E402C1C3DF975000E60F7 /* WSDBannerView.xib */,
				D23E402D1C3DF975000E60F7 /* WSDCarouselView.h */,
				D23E402E1C3DF975000E60F7 /* WSDCarouselView.m */,
				D23E402F1C3DF975000E60F7 /* WSDCarouselView.xib */,
				D23E40301C3DF975000E60F7 /* WSDRefreshView.h */,
				D23E40311C3DF975000E60F7 /* WSDRefreshView.m */,
				D23E40321C3DF975000E60F7 /* WSDSideMenuCell.h */,
				D23E40331C3DF975000E60F7 /* WSDSideMenuCell.m */,
				D23E40341C3DF975000E60F7 /* WSDSideMenuCell.xib */,
				D23E40351C3DF975000E60F7 /* WSDStoryCell.h */,
				D23E40361C3DF975000E60F7 /* WSDStoryCell.m */,
				D23E40371C3DF975000E60F7 /* WSDStoryCell.xib */,
			);
			path = Views;
			sourceTree = "<group>";
		};
		D252F2F01C2C4BA5009F8535 = {
			isa = PBXGroup;
			children = (
				D252F35E1C2D119E009F8535 /* Reveal.framework */,
				D252F3131C2C5128009F8535 /* WebImage.framework */,
				D252F3141C2C5128009F8535 /* AFNetworking.framework */,
				D252F2FB1C2C4BA5009F8535 /* WSDZhihuDaily */,
				D252F2FA1C2C4BA5009F8535 /* Products */,
			);
			sourceTree = "<group>";
		};
		D252F2FA1C2C4BA5009F8535 /* Products */ = {
			isa = PBXGroup;
			children = (
				D252F2F91C2C4BA5009F8535 /* WSDZhihuDaily.app */,
			);
			name = Products;
			sourceTree = "<group>";
		};
		D252F2FB1C2C4BA5009F8535 /* WSDZhihuDaily */ = {
			isa = PBXGroup;
			children = (
				D23E40151C3DF975000E60F7 /* Controllers */,
				D23E401B1C3DF975000E60F7 /* Models */,
				D23E40201C3DF975000E60F7 /* Others */,
				D23E40261C3DF975000E60F7 /* Views */,
				D27058491C2EA35800FF804E /* ViewUtils */,
				D252F31E1C2CE2B4009F8535 /* Masonry */,
				D252F3051C2C4BA5009F8535 /* Main.storyboard */,
				D252F3081C2C4BA5009F8535 /* Assets.xcassets */,
				D252F30A1C2C4BA5009F8535 /* LaunchScreen.storyboard */,
			);
			path = WSDZhihuDaily;
			sourceTree = "<group>";
		};
		D252F31E1C2CE2B4009F8535 /* Masonry */ = {
			isa = PBXGroup;
			children = (
				D252F31F1C2CE2B4009F8535 /* Info.plist */,
				D252F3201C2CE2B4009F8535 /* MASCompositeConstraint.h */,
				D252F3211C2CE2B4009F8535 /* MASCompositeConstraint.m */,
				D252F3221C2CE2B4009F8535 /* MASConstraint+Private.h */,
				D252F3231C2CE2B4009F8535 /* MASConstraint.h */,
				D252F3241C2CE2B4009F8535 /* MASConstraint.m */,
				D252F3251C2CE2B4009F8535 /* MASConstraintMaker.h */,
				D252F3261C2CE2B4009F8535 /* MASConstraintMaker.m */,
				D252F3271C2CE2B4009F8535 /* MASLayoutConstraint.h */,
				D252F3281C2CE2B4009F8535 /* MASLayoutConstraint.m */,
				D252F3291C2CE2B4009F8535 /* Masonry.h */,
				D252F32A1C2CE2B4009F8535 /* MASUtilities.h */,
				D252F32B1C2CE2B4009F8535 /* MASViewAttribute.h */,
				D252F32C1C2CE2B4009F8535 /* MASViewAttribute.m */,
				D252F32D1C2CE2B4009F8535 /* MASViewConstraint.h */,
				D252F32E1C2CE2B4009F8535 /* MASViewConstraint.m */,
				D252F32F1C2CE2B4009F8535 /* NSArray+MASAdditions.h */,
				D252F3301C2CE2B4009F8535 /* NSArray+MASAdditions.m */,
				D252F3311C2CE2B4009F8535 /* NSArray+MASShorthandAdditions.h */,
				D252F3321C2CE2B4009F8535 /* NSLayoutConstraint+MASDebugAdditions.h */,
				D252F3331C2CE2B4009F8535 /* NSLayoutConstraint+MASDebugAdditions.m */,
				D252F3341C2CE2B4009F8535 /* View+MASAdditions.h */,
				D252F3351C2CE2B4009F8535 /* View+MASAdditions.m */,
				D252F3361C2CE2B4009F8535 /* View+MASShorthandAdditions.h */,
				D252F3371C2CE2B4009F8535 /* ViewController+MASAdditions.h */,
				D252F3381C2CE2B4009F8535 /* ViewController+MASAdditions.m */,
			);
			path = Masonry;
			sourceTree = "<group>";
		};
		D27058491C2EA35800FF804E /* ViewUtils */ = {
			isa = PBXGroup;
			children = (
				D270584A1C2EA35800FF804E /* ViewUtils.h */,
				D270584B1C2EA35800FF804E /* ViewUtils.m */,
			);
			path = ViewUtils;
			sourceTree = "<group>";
		};
/* End PBXGroup section */

/* Begin PBXNativeTarget section */
		D252F2F81C2C4BA5009F8535 /* WSDZhihuDaily */ = {
			isa = PBXNativeTarget;
			buildConfigurationList = D252F3101C2C4BA5009F8535 /* Build configuration list for PBXNativeTarget "WSDZhihuDaily" */;
			buildPhases = (
				D252F2F51C2C4BA5009F8535 /* Sources */,
				D252F2F61C2C4BA5009F8535 /* Frameworks */,
				D252F2F71C2C4BA5009F8535 /* Resources */,
				D252F31C1C2C54E1009F8535 /* Embed Frameworks */,
			);
			buildRules = (
			);
			dependencies = (
			);
			name = WSDZhihuDaily;
			productName = WSDZhihuDaily;
			productReference = D252F2F91C2C4BA5009F8535 /* WSDZhihuDaily.app */;
			productType = "com.apple.product-type.application";
		};
/* End PBXNativeTarget section */

/* Begin PBXProject section */
		D252F2F11C2C4BA5009F8535 /* Project object */ = {
			isa = PBXProject;
			attributes = {
				LastUpgradeCheck = 0720;
				ORGANIZATIONNAME = WSD;
				TargetAttributes = {
					D252F2F81C2C4BA5009F8535 = {
						CreatedOnToolsVersion = 7.2;
					};
				};
			};
			buildConfigurationList = D252F2F41C2C4BA5009F8535 /* Build configuration list for PBXProject "WSDZhihuDaily" */;
			compatibilityVersion = "Xcode 3.2";
			developmentRegion = English;
			hasScannedForEncodings = 0;
			knownRegions = (
				en,
				Base,
			);
			mainGroup = D252F2F01C2C4BA5009F8535;
			productRefGroup = D252F2FA1C2C4BA5009F8535 /* Products */;
			projectDirPath = "";
			projectRoot = "";
			targets = (
				D252F2F81C2C4BA5009F8535 /* WSDZhihuDaily */,
			);
		};
/* End PBXProject section */

/* Begin PBXResourcesBuildPhase section */
		D252F2F71C2C4BA5009F8535 /* Resources */ = {
			isa = PBXResourcesBuildPhase;
			buildActionMask = 2147483647;
			files = (
				D252F3391C2CE2B4009F8535 /* Info.plist in Resources */,
				D23E40431C3DF975000E60F7 /* WSDBannerView.xib in Resources */,
				D23E40411C3DF975000E60F7 /* SideMenuCell.xib in Resources */,
				D23E403A1C3DF975000E60F7 /* WSDSideMenuViewController.xib in Resources */,
				D23E40481C3DF975000E60F7 /* WSDSideMenuCell.xib in Resources */,
				D23E404A1C3DF975000E60F7 /* WSDStoryCell.xib in Resources */,
				D23E40451C3DF975000E60F7 /* WSDCarouselView.xib in Resources */,
				D23E403E1C3DF975000E60F7 /* Info.plist in Resources */,
				D252F30C1C2C4BA5009F8535 /* LaunchScreen.storyboard in Resources */,
				D252F3091C2C4BA5009F8535 /* Assets.xcassets in Resources */,
				D252F3071C2C4BA5009F8535 /* Main.storyboard in Resources */,
			);
			runOnlyForDeploymentPostprocessing = 0;
		};
/* End PBXResourcesBuildPhase section */

/* Begin PBXSourcesBuildPhase section */
		D252F2F51C2C4BA5009F8535 /* Sources */ = {
			isa = PBXSourcesBuildPhase;
			buildActionMask = 2147483647;
			files = (
				D252F3411C2CE2B4009F8535 /* NSLayoutConstraint+MASDebugAdditions.m in Sources */,
				D23E40391C3DF975000E60F7 /* WSDSideMenuViewController.m in Sources */,
				D252F33F1C2CE2B4009F8535 /* MASViewConstraint.m in Sources */,
				D252F33A1C2CE2B4009F8535 /* MASCompositeConstraint.m in Sources */,
				D23E40471C3DF975000E60F7 /* WSDSideMenuCell.m in Sources */,
				D23E403D1C3DF975000E60F7 /* AppDelegate.m in Sources */,
				D270584C1C2EA35800FF804E /* ViewUtils.m in Sources */,
				D252F3401C2CE2B4009F8535 /* NSArray+MASAdditions.m in Sources */,
				D23E40461C3DF975000E60F7 /* WSDRefreshView.m in Sources */,
				D23E403B1C3DF975000E60F7 /* WSDStory.m in Sources */,
				D252F33D1C2CE2B4009F8535 /* MASLayoutConstraint.m in Sources */,
				D23E40421C3DF975000E60F7 /* WSDBannerView.m in Sources */,
				D252F3431C2CE2B4009F8535 /* ViewController+MASAdditions.m in Sources */,
				D23E40491C3DF975000E60F7 /* WSDStoryCell.m in Sources */,
				D252F3421C2CE2B4009F8535 /* View+MASAdditions.m in Sources */,
				D252F33E1C2CE2B4009F8535 /* MASViewAttribute.m in Sources */,
				D23E403F1C3DF975000E60F7 /* main.m in Sources */,
				D252F33B1C2CE2B4009F8535 /* MASConstraint.m in Sources */,
				D23E40441C3DF975000E60F7 /* WSDCarouselView.m in Sources */,
				D23E403C1C3DF975000E60F7 /* WSDTopStory.m in Sources */,
				D252F33C1C2CE2B4009F8535 /* MASConstraintMaker.m in Sources */,
				D23E40381C3DF975000E60F7 /* HomeViewController.m in Sources */,
				D23E40401C3DF975000E60F7 /* SideMenuCell.m in Sources */,
			);
			runOnlyForDeploymentPostprocessing = 0;
		};
/* End PBXSourcesBuildPhase section */

/* Begin PBXVariantGroup section */
		D252F3051C2C4BA5009F8535 /* Main.storyboard */ = {
			isa = PBXVariantGroup;
			children = (
				D252F3061C2C4BA5009F8535 /* Base */,
			);
			name = Main.storyboard;
			sourceTree = "<group>";
		};
		D252F30A1C2C4BA5009F8535 /* LaunchScreen.storyboard */ = {
			isa = PBXVariantGroup;
			children = (
				D252F30B1C2C4BA5009F8535 /* Base */,
			);
			name = LaunchScreen.storyboard;
			sourceTree = "<group>";
		};
/* End PBXVariantGroup section */

/* Begin XCBuildConfiguration section */
		D252F30E1C2C4BA5009F8535 /* Debug */ = {
			isa = XCBuildConfiguration;
			buildSettings = {
				ALWAYS_SEARCH_USER_PATHS = NO;
				CLANG_CXX_LANGUAGE_STANDARD = "gnu++0x";
				CLANG_CXX_LIBRARY = "libc++";
				CLANG_ENABLE_MODULES = YES;
				CLANG_ENABLE_OBJC_ARC = YES;
				CLANG_WARN_BOOL_CONVERSION = YES;
				CLANG_WARN_CONSTANT_CONVERSION = YES;
				CLANG_WARN_DIRECT_OBJC_ISA_USAGE = YES_ERROR;
				CLANG_WARN_EMPTY_BODY = YES;
				CLANG_WARN_ENUM_CONVERSION = YES;
				CLANG_WARN_INT_CONVERSION = YES;
				CLANG_WARN_OBJC_ROOT_CLASS = YES_ERROR;
				CLANG_WARN_UNREACHABLE_CODE = YES;
				CLANG_WARN__DUPLICATE_METHOD_MATCH = YES;
				"CODE_SIGN_IDENTITY[sdk=iphoneos*]" = "iPhone Developer";
				COPY_PHASE_STRIP = NO;
				DEBUG_INFORMATION_FORMAT = dwarf;
				ENABLE_STRICT_OBJC_MSGSEND = YES;
				ENABLE_TESTABILITY = YES;
				GCC_C_LANGUAGE_STANDARD = gnu99;
				GCC_DYNAMIC_NO_PIC = NO;
				GCC_NO_COMMON_BLOCKS = YES;
				GCC_OPTIMIZATION_LEVEL = 0;
				GCC_PREPROCESSOR_DEFINITIONS = (
					"DEBUG=1",
					"$(inherited)",
				);
				GCC_WARN_64_TO_32_BIT_CONVERSION = YES;
				GCC_WARN_ABOUT_RETURN_TYPE = YES_ERROR;
				GCC_WARN_UNDECLARED_SELECTOR = YES;
				GCC_WARN_UNINITIALIZED_AUTOS = YES_AGGRESSIVE;
				GCC_WARN_UNUSED_FUNCTION = YES;
				GCC_WARN_UNUSED_VARIABLE = YES;
				IPHONEOS_DEPLOYMENT_TARGET = 9.2;
				MTL_ENABLE_DEBUG_INFO = YES;
				ONLY_ACTIVE_ARCH = YES;
				SDKROOT = iphoneos;
				TARGETED_DEVICE_FAMILY = "1,2";
			};
			name = Debug;
		};
		D252F30F1C2C4BA5009F8535 /* Release */ = {
			isa = XCBuildConfiguration;
			buildSettings = {
				ALWAYS_SEARCH_USER_PATHS = NO;
				CLANG_CXX_LANGUAGE_STANDARD = "gnu++0x";
				CLANG_CXX_LIBRARY = "libc++";
				CLANG_ENABLE_MODULES = YES;
				CLANG_ENABLE_OBJC_ARC = YES;
				CLANG_WARN_BOOL_CONVERSION = YES;
				CLANG_WARN_CONSTANT_CONVERSION = YES;
				CLANG_WARN_DIRECT_OBJC_ISA_USAGE = YES_ERROR;
				CLANG_WARN_EMPTY_BODY = YES;
				CLANG_WARN_ENUM_CONVERSION = YES;
				CLANG_WARN_INT_CONVERSION = YES;
				CLANG_WARN_OBJC_ROOT_CLASS = YES_ERROR;
				CLANG_WARN_UNREACHABLE_CODE = YES;
				CLANG_WARN__DUPLICATE_METHOD_MATCH = YES;
				"CODE_SIGN_IDENTITY[sdk=iphoneos*]" = "iPhone Developer";
				COPY_PHASE_STRIP = NO;
				DEBUG_INFORMATION_FORMAT = "dwarf-with-dsym";
				ENABLE_NS_ASSERTIONS = NO;
				ENABLE_STRICT_OBJC_MSGSEND = YES;
				GCC_C_LANGUAGE_STANDARD = gnu99;
				GCC_NO_COMMON_BLOCKS = YES;
				GCC_WARN_64_TO_32_BIT_CONVERSION = YES;
				GCC_WARN_ABOUT_RETURN_TYPE = YES_ERROR;
				GCC_WARN_UNDECLARED_SELECTOR = YES;
				GCC_WARN_UNINITIALIZED_AUTOS = YES_AGGRESSIVE;
				GCC_WARN_UNUSED_FUNCTION = YES;
				GCC_WARN_UNUSED_VARIABLE = YES;
				IPHONEOS_DEPLOYMENT_TARGET = 9.2;
				MTL_ENABLE_DEBUG_INFO = NO;
				SDKROOT = iphoneos;
				TARGETED_DEVICE_FAMILY = "1,2";
				VALIDATE_PRODUCT = YES;
			};
			name = Release;
		};
		D252F3111C2C4BA5009F8535 /* Debug */ = {
			isa = XCBuildConfiguration;
			buildSettings = {
				ASSETCATALOG_COMPILER_APPICON_NAME = AppIcon;
				ENABLE_BITCODE = NO;
				FRAMEWORK_SEARCH_PATHS = (
					"$(inherited)",
					"$(PROJECT_DIR)/Carthage/Build/iOS",
					"$(PROJECT_DIR)",
				);
				GCC_PRECOMPILE_PREFIX_HEADER = YES;
				GCC_PREFIX_HEADER = "$(SRCROOT)/PrefixHeader.pch";
				INFOPLIST_FILE = WSDZhihuDaily/Info.plist;
				LD_RUNPATH_SEARCH_PATHS = "$(inherited) @executable_path/Frameworks";
				OTHER_LDFLAGS = (
					"-ObjC",
					"-lz",
					"-framework",
					Reveal,
				);
				PRODUCT_BUNDLE_IDENTIFIER = com.wsd.WSDZhihuDaily;
				PRODUCT_NAME = "$(TARGET_NAME)";
			};
			name = Debug;
		};
		D252F3121C2C4BA5009F8535 /* Release */ = {
			isa = XCBuildConfiguration;
			buildSettings = {
				ASSETCATALOG_COMPILER_APPICON_NAME = AppIcon;
				ENABLE_BITCODE = NO;
				FRAMEWORK_SEARCH_PATHS = (
					"$(inherited)",
					"$(PROJECT_DIR)/Carthage/Build/iOS",
					"$(PROJECT_DIR)",
				);
				GCC_PRECOMPILE_PREFIX_HEADER = YES;
				GCC_PREFIX_HEADER = "$(SRCROOT)/PrefixHeader.pch";
				INFOPLIST_FILE = WSDZhihuDaily/Info.plist;
				LD_RUNPATH_SEARCH_PATHS = "$(inherited) @executable_path/Frameworks";
				OTHER_LDFLAGS = (
					"-ObjC",
					"-lz",
					"-framework",
					Reveal,
				);
				PRODUCT_BUNDLE_IDENTIFIER = com.wsd.WSDZhihuDaily;
				PRODUCT_NAME = "$(TARGET_NAME)";
			};
			name = Release;
		};
/* End XCBuildConfiguration section */

/* Begin XCConfigurationList section */
		D252F2F41C2C4BA5009F8535 /* Build configuration list for PBXProject "WSDZhihuDaily" */ = {
			isa = XCConfigurationList;
			buildConfigurations = (
				D252F30E1C2C4BA5009F8535 /* Debug */,
				D252F30F1C2C4BA5009F8535 /* Release */,
			);
			defaultConfigurationIsVisible = 0;
			defaultConfigurationName = Release;
		};
		D252F3101C2C4BA5009F8535 /* Build configuration list for PBXNativeTarget "WSDZhihuDaily" */ = {
			isa = XCConfigurationList;
			buildConfigurations = (
				D252F3111C2C4BA5009F8535 /* Debug */,
				D252F3121C2C4BA5009F8535 /* Release */,
			);
			defaultConfigurationIsVisible = 0;
			defaultConfigurationName = Release;
		};
/* End XCConfigurationList section */
	};
	rootObject = D252F2F11C2C4BA5009F8535 /* Project object */;
}
